{
  "version": 4,
  "terraform_version": "1.1.7",
  "serial": 57,
  "lineage": "49403224-ed64-612d-3dab-dc6e43479e9e",
  "outputs": {},
  "resources": [
    {
      "mode": "data",
      "type": "google_kms_crypto_key_version",
      "name": "attestor-key-version",
      "provider": "provider[\"registry.terraform.io/hashicorp/google\"]",
      "instances": [
        {
          "schema_version": 0,
          "attributes": {
            "algorithm": "RSA_SIGN_PSS_4096_SHA512",
            "crypto_key": "projects/vm-import-346415/locations/global/keyRings/keyring-example/cryptoKeys/asymmetric-key-example",
            "id": "//cloudkms.googleapis.com/v1/projects/vm-import-346415/locations/global/keyRings/keyring-example/cryptoKeys/asymmetric-key-example/cryptoKeyVersions/1",
            "name": "projects/vm-import-346415/locations/global/keyRings/keyring-example/cryptoKeys/asymmetric-key-example/cryptoKeyVersions/1",
            "protection_level": "SOFTWARE",
            "public_key": [
              {
                "algorithm": "RSA_SIGN_PSS_4096_SHA512",
                "pem": "-----BEGIN PUBLIC KEY-----\nMIICIjANBgkqhkiG9w0BAQEFAAOCAg8AMIICCgKCAgEAvEZJK0eHyIA/Up8fMRjH\nuzUU5wJWGhgYPsnrj8fsXjLScnpcdExvBboc9qZjkHe5WtWar1EFpm94l5sJ2/ZH\ngTUkzgA+76l6j84HywEk0yeK/zYHQCYY3vJwzjOxKv5T/zYI4S8DoMKteGjOBh2U\nshWR046TwQahy9YboZ6lMGSl4cHdq5blObMy8IiJmikC7/uoqfRylXy2wTSaXHfY\nqHzxtmZ/5KavIpGuuyP4vMj3yTtYE8cayck7paRGaoQzNnP6TBZBhaIUqymmCPyP\nUKLx4QHchP1RO2WeNShYyoG1d8I6DjPVvWV9W+sIsvi0dRQ08zPWeukkGKC7a4OD\nJh1S+VPR0GbSTTAMeyOEv7C/QNsQIBetreWLsDqr2R0TT2ZT7FX6t8NWfXN2Ox0b\nkwcmGnHQNmlGg7KOUbvQSxyIM3LcYIrlWVERYSTj/CriAILuRh0mIL4BzRF7/HRa\nzS+TGwXW5W5eSG0FXcDvmap6U3b20BbZLP7k5DG9xQaTUBGUhzYmTfE4EcO7848E\npBRNCOjyzSo2JjOt4Y++bM7mxCEDSz2fcnjLHRuAPcrt2WKLoFnu8VzdR4CpN+68\nusOSCj0Av4tPzHO7LtqfNM6eRwL5aMK8IHIGqmynIspf1R6Su4H9C5RMB4fCXtDK\nvkK86uGonQuXamxFr5Wv2skCAwEAAQ==\n-----END PUBLIC KEY-----\n"
              }
            ],
            "state": "ENABLED",
            "version": 1
          },
          "sensitive_attributes": []
        }
      ]
    },
    {
      "mode": "data",
      "type": "google_kms_crypto_key_version",
      "name": "my_crypto_key_version",
      "provider": "provider[\"registry.terraform.io/hashicorp/google\"]",
      "instances": [
        {
          "schema_version": 0,
          "attributes": {
            "algorithm": "RSA_SIGN_PSS_4096_SHA512",
            "crypto_key": "projects/vm-import-346415/locations/global/keyRings/keyring-example/cryptoKeys/asymmetric-key-example",
            "id": "//cloudkms.googleapis.com/v1/projects/vm-import-346415/locations/global/keyRings/keyring-example/cryptoKeys/asymmetric-key-example/cryptoKeyVersions/1",
            "name": "projects/vm-import-346415/locations/global/keyRings/keyring-example/cryptoKeys/asymmetric-key-example/cryptoKeyVersions/1",
            "protection_level": "SOFTWARE",
            "public_key": [
              {
                "algorithm": "RSA_SIGN_PSS_4096_SHA512",
                "pem": "-----BEGIN PUBLIC KEY-----\nMIICIjANBgkqhkiG9w0BAQEFAAOCAg8AMIICCgKCAgEAvEZJK0eHyIA/Up8fMRjH\nuzUU5wJWGhgYPsnrj8fsXjLScnpcdExvBboc9qZjkHe5WtWar1EFpm94l5sJ2/ZH\ngTUkzgA+76l6j84HywEk0yeK/zYHQCYY3vJwzjOxKv5T/zYI4S8DoMKteGjOBh2U\nshWR046TwQahy9YboZ6lMGSl4cHdq5blObMy8IiJmikC7/uoqfRylXy2wTSaXHfY\nqHzxtmZ/5KavIpGuuyP4vMj3yTtYE8cayck7paRGaoQzNnP6TBZBhaIUqymmCPyP\nUKLx4QHchP1RO2WeNShYyoG1d8I6DjPVvWV9W+sIsvi0dRQ08zPWeukkGKC7a4OD\nJh1S+VPR0GbSTTAMeyOEv7C/QNsQIBetreWLsDqr2R0TT2ZT7FX6t8NWfXN2Ox0b\nkwcmGnHQNmlGg7KOUbvQSxyIM3LcYIrlWVERYSTj/CriAILuRh0mIL4BzRF7/HRa\nzS+TGwXW5W5eSG0FXcDvmap6U3b20BbZLP7k5DG9xQaTUBGUhzYmTfE4EcO7848E\npBRNCOjyzSo2JjOt4Y++bM7mxCEDSz2fcnjLHRuAPcrt2WKLoFnu8VzdR4CpN+68\nusOSCj0Av4tPzHO7LtqfNM6eRwL5aMK8IHIGqmynIspf1R6Su4H9C5RMB4fCXtDK\nvkK86uGonQuXamxFr5Wv2skCAwEAAQ==\n-----END PUBLIC KEY-----\n"
              }
            ],
            "state": "ENABLED",
            "version": 1
          },
          "sensitive_attributes": []
        }
      ]
    },
    {
      "mode": "managed",
      "type": "google_binary_authorization_attestor",
      "name": "attestor",
      "provider": "provider[\"registry.terraform.io/hashicorp/google\"]",
      "instances": [
        {
          "schema_version": 0,
          "attributes": {
            "attestation_authority_note": [
              {
                "delegation_service_account_email": "service-628766112523@gcp-sa-binaryauthorization.iam.gserviceaccount.com",
                "note_reference": "projects/vm-import-346415/notes/test-attestor-note",
                "public_keys": [
                  {
                    "ascii_armored_pgp_public_key": "",
                    "comment": "",
                    "id": "//cloudkms.googleapis.com/v1/projects/vm-import-346415/locations/global/keyRings/keyring-example/cryptoKeys/asymmetric-key-example/cryptoKeyVersions/1",
                    "pkix_public_key": [
                      {
                        "public_key_pem": "-----BEGIN PUBLIC KEY-----\nMIICIjANBgkqhkiG9w0BAQEFAAOCAg8AMIICCgKCAgEAvEZJK0eHyIA/Up8fMRjH\nuzUU5wJWGhgYPsnrj8fsXjLScnpcdExvBboc9qZjkHe5WtWar1EFpm94l5sJ2/ZH\ngTUkzgA+76l6j84HywEk0yeK/zYHQCYY3vJwzjOxKv5T/zYI4S8DoMKteGjOBh2U\nshWR046TwQahy9YboZ6lMGSl4cHdq5blObMy8IiJmikC7/uoqfRylXy2wTSaXHfY\nqHzxtmZ/5KavIpGuuyP4vMj3yTtYE8cayck7paRGaoQzNnP6TBZBhaIUqymmCPyP\nUKLx4QHchP1RO2WeNShYyoG1d8I6DjPVvWV9W+sIsvi0dRQ08zPWeukkGKC7a4OD\nJh1S+VPR0GbSTTAMeyOEv7C/QNsQIBetreWLsDqr2R0TT2ZT7FX6t8NWfXN2Ox0b\nkwcmGnHQNmlGg7KOUbvQSxyIM3LcYIrlWVERYSTj/CriAILuRh0mIL4BzRF7/HRa\nzS+TGwXW5W5eSG0FXcDvmap6U3b20BbZLP7k5DG9xQaTUBGUhzYmTfE4EcO7848E\npBRNCOjyzSo2JjOt4Y++bM7mxCEDSz2fcnjLHRuAPcrt2WKLoFnu8VzdR4CpN+68\nusOSCj0Av4tPzHO7LtqfNM6eRwL5aMK8IHIGqmynIspf1R6Su4H9C5RMB4fCXtDK\nvkK86uGonQuXamxFr5Wv2skCAwEAAQ==\n-----END PUBLIC KEY-----\n",
                        "signature_algorithm": "RSA_PSS_4096_SHA512"
                      }
                    ]
                  }
                ]
              }
            ],
            "description": "",
            "id": "projects/vm-import-346415/attestors/demo-attestor",
            "name": "demo-attestor",
            "project": "vm-import-346415",
            "timeouts": null
          },
          "sensitive_attributes": [],
          "private": "eyJlMmJmYjczMC1lY2FhLTExZTYtOGY4OC0zNDM2M2JjN2M0YzAiOnsiY3JlYXRlIjoxMjAwMDAwMDAwMDAwLCJkZWxldGUiOjEyMDAwMDAwMDAwMDAsInVwZGF0ZSI6MTIwMDAwMDAwMDAwMH19",
          "dependencies": [
            "data.google_kms_crypto_key_version.attestor-key-version",
            "google_container_analysis_note.note"
          ]
        }
      ]
    },
    {
      "mode": "managed",
      "type": "google_container_analysis_note",
      "name": "note",
      "provider": "provider[\"registry.terraform.io/hashicorp/google\"]",
      "instances": [
        {
          "schema_version": 0,
          "attributes": {
            "attestation_authority": [
              {
                "hint": [
                  {
                    "human_readable_name": "Attestor Note"
                  }
                ]
              }
            ],
            "create_time": "2022-08-21T11:51:45.833349Z",
            "expiration_time": "",
            "id": "projects/vm-import-346415/notes/test-attestor-note",
            "kind": "ATTESTATION",
            "long_description": "",
            "name": "test-attestor-note",
            "project": "vm-import-346415",
            "related_note_names": [],
            "related_url": [],
            "short_description": "",
            "timeouts": null,
            "update_time": "2022-08-21T11:51:45.833349Z"
          },
          "sensitive_attributes": [],
          "private": "eyJlMmJmYjczMC1lY2FhLTExZTYtOGY4OC0zNDM2M2JjN2M0YzAiOnsiY3JlYXRlIjoxMjAwMDAwMDAwMDAwLCJkZWxldGUiOjEyMDAwMDAwMDAwMDAsInVwZGF0ZSI6MTIwMDAwMDAwMDAwMH19"
        }
      ]
    },
    {
      "mode": "managed",
      "type": "google_kms_crypto_key",
      "name": "example-key",
      "provider": "provider[\"registry.terraform.io/hashicorp/google\"]",
      "instances": [
        {
          "schema_version": 1,
          "attributes": {
            "destroy_scheduled_duration": "86400s",
            "id": "projects/vm-import-346415/locations/global/keyRings/keyring-example/cryptoKeys/asymmetric-key-example",
            "import_only": false,
            "key_ring": "projects/vm-import-346415/locations/global/keyRings/keyring-example",
            "labels": {},
            "name": "asymmetric-key-example",
            "purpose": "ASYMMETRIC_SIGN",
            "rotation_period": "",
            "skip_initial_version_creation": false,
            "timeouts": null,
            "version_template": [
              {
                "algorithm": "RSA_SIGN_PSS_4096_SHA512",
                "protection_level": "SOFTWARE"
              }
            ]
          },
          "sensitive_attributes": [],
          "private": "eyJlMmJmYjczMC1lY2FhLTExZTYtOGY4OC0zNDM2M2JjN2M0YzAiOnsiY3JlYXRlIjoxMjAwMDAwMDAwMDAwLCJkZWxldGUiOjEyMDAwMDAwMDAwMDAsInVwZGF0ZSI6MTIwMDAwMDAwMDAwMH0sInNjaGVtYV92ZXJzaW9uIjoiMSJ9",
          "dependencies": [
            "google_kms_key_ring.keyring"
          ]
        }
      ]
    },
    {
      "mode": "managed",
      "type": "google_kms_crypto_key_iam_member",
      "name": "binauthz_sigining_key",
      "provider": "provider[\"registry.terraform.io/hashicorp/google\"]",
      "instances": []
    },
    {
      "mode": "managed",
      "type": "google_kms_key_ring",
      "name": "keyring",
      "provider": "provider[\"registry.terraform.io/hashicorp/google\"]",
      "instances": [
        {
          "schema_version": 0,
          "attributes": {
            "id": "projects/vm-import-346415/locations/global/keyRings/keyring-example",
            "location": "global",
            "name": "keyring-example",
            "project": "vm-import-346415",
            "timeouts": null
          },
          "sensitive_attributes": [],
          "private": "eyJlMmJmYjczMC1lY2FhLTExZTYtOGY4OC0zNDM2M2JjN2M0YzAiOnsiY3JlYXRlIjoxMjAwMDAwMDAwMDAwLCJkZWxldGUiOjEyMDAwMDAwMDAwMDB9fQ=="
        }
      ]
    },
    {
      "mode": "managed",
      "type": "google_project",
      "name": "attestation",
      "provider": "provider[\"registry.terraform.io/hashicorp/google\"]",
      "instances": [
        {
          "schema_version": 1,
          "attributes": {
            "auto_create_network": true,
            "billing_account": null,
            "folder_id": "",
            "id": "projects/binauthz-attestions-tst-prj",
            "labels": {},
            "name": "Attestation Project",
            "number": "692068757342",
            "org_id": "160037278965",
            "project_id": "binauthz-attestions-tst-prj",
            "skip_delete": null,
            "timeouts": null
          },
          "sensitive_attributes": [],
          "private": "eyJlMmJmYjczMC1lY2FhLTExZTYtOGY4OC0zNDM2M2JjN2M0YzAiOnsiY3JlYXRlIjo2MDAwMDAwMDAwMDAsImRlbGV0ZSI6NjAwMDAwMDAwMDAwLCJyZWFkIjo2MDAwMDAwMDAwMDAsInVwZGF0ZSI6NjAwMDAwMDAwMDAwfSwic2NoZW1hX3ZlcnNpb24iOiIxIn0="
        }
      ]
    },
    {
      "mode": "managed",
      "type": "google_project",
      "name": "attestor",
      "provider": "provider[\"registry.terraform.io/hashicorp/google\"]",
      "instances": [
        {
          "schema_version": 1,
          "attributes": {
            "auto_create_network": true,
            "billing_account": null,
            "folder_id": "",
            "id": "projects/binauthz-attestor-test-project",
            "labels": {},
            "name": "Attestor Project",
            "number": "23524732461",
            "org_id": "160037278965",
            "project_id": "binauthz-attestor-test-project",
            "skip_delete": null,
            "timeouts": null
          },
          "sensitive_attributes": [],
          "private": "eyJlMmJmYjczMC1lY2FhLTExZTYtOGY4OC0zNDM2M2JjN2M0YzAiOnsiY3JlYXRlIjo2MDAwMDAwMDAwMDAsImRlbGV0ZSI6NjAwMDAwMDAwMDAwLCJyZWFkIjo2MDAwMDAwMDAwMDAsInVwZGF0ZSI6NjAwMDAwMDAwMDAwfSwic2NoZW1hX3ZlcnNpb24iOiIxIn0="
        }
      ]
    },
    {
      "mode": "managed",
      "type": "google_service_account",
      "name": "service_account",
      "provider": "provider[\"registry.terraform.io/hashicorp/google\"]",
      "instances": [
        {
          "schema_version": 0,
          "attributes": {
            "account_id": "binauthz-sa",
            "description": "",
            "disabled": false,
            "display_name": "Binauthz Service Account",
            "email": "binauthz-sa@vm-import-346415.iam.gserviceaccount.com",
            "id": "projects/vm-import-346415/serviceAccounts/binauthz-sa@vm-import-346415.iam.gserviceaccount.com",
            "name": "projects/vm-import-346415/serviceAccounts/binauthz-sa@vm-import-346415.iam.gserviceaccount.com",
            "project": "vm-import-346415",
            "timeouts": null,
            "unique_id": "110558089170907957088"
          },
          "sensitive_attributes": [],
          "private": "eyJlMmJmYjczMC1lY2FhLTExZTYtOGY4OC0zNDM2M2JjN2M0YzAiOnsiY3JlYXRlIjozMDAwMDAwMDAwMDB9fQ=="
        }
      ]
    }
  ]
}
