{
  "version": 4,
  "terraform_version": "1.1.7",
  "serial": 116,
  "lineage": "49403224-ed64-612d-3dab-dc6e43479e9e",
  "outputs": {},
  "resources": [
    {
      "mode": "data",
      "type": "google_kms_crypto_key_version",
      "name": "attestor-key-version",
      "provider": "provider[\"registry.terraform.io/hashicorp/google\"]",
      "instances": [
        {
          "schema_version": 0,
          "attributes": {
            "algorithm": "RSA_SIGN_PSS_4096_SHA512",
            "crypto_key": "projects/vm-import-346415/locations/global/keyRings/keyring-example/cryptoKeys/asymmetric-key-example",
            "id": "//cloudkms.googleapis.com/v1/projects/vm-import-346415/locations/global/keyRings/keyring-example/cryptoKeys/asymmetric-key-example/cryptoKeyVersions/1",
            "name": "projects/vm-import-346415/locations/global/keyRings/keyring-example/cryptoKeys/asymmetric-key-example/cryptoKeyVersions/1",
            "protection_level": "SOFTWARE",
            "public_key": [
              {
                "algorithm": "RSA_SIGN_PSS_4096_SHA512",
                "pem": "-----BEGIN PUBLIC KEY-----\nMIICIjANBgkqhkiG9w0BAQEFAAOCAg8AMIICCgKCAgEAvEZJK0eHyIA/Up8fMRjH\nuzUU5wJWGhgYPsnrj8fsXjLScnpcdExvBboc9qZjkHe5WtWar1EFpm94l5sJ2/ZH\ngTUkzgA+76l6j84HywEk0yeK/zYHQCYY3vJwzjOxKv5T/zYI4S8DoMKteGjOBh2U\nshWR046TwQahy9YboZ6lMGSl4cHdq5blObMy8IiJmikC7/uoqfRylXy2wTSaXHfY\nqHzxtmZ/5KavIpGuuyP4vMj3yTtYE8cayck7paRGaoQzNnP6TBZBhaIUqymmCPyP\nUKLx4QHchP1RO2WeNShYyoG1d8I6DjPVvWV9W+sIsvi0dRQ08zPWeukkGKC7a4OD\nJh1S+VPR0GbSTTAMeyOEv7C/QNsQIBetreWLsDqr2R0TT2ZT7FX6t8NWfXN2Ox0b\nkwcmGnHQNmlGg7KOUbvQSxyIM3LcYIrlWVERYSTj/CriAILuRh0mIL4BzRF7/HRa\nzS+TGwXW5W5eSG0FXcDvmap6U3b20BbZLP7k5DG9xQaTUBGUhzYmTfE4EcO7848E\npBRNCOjyzSo2JjOt4Y++bM7mxCEDSz2fcnjLHRuAPcrt2WKLoFnu8VzdR4CpN+68\nusOSCj0Av4tPzHO7LtqfNM6eRwL5aMK8IHIGqmynIspf1R6Su4H9C5RMB4fCXtDK\nvkK86uGonQuXamxFr5Wv2skCAwEAAQ==\n-----END PUBLIC KEY-----\n"
              }
            ],
            "state": "ENABLED",
            "version": 1
          },
          "sensitive_attributes": []
        }
      ]
    },
    {
      "mode": "data",
      "type": "google_kms_crypto_key_version",
      "name": "my_crypto_key_version",
      "provider": "provider[\"registry.terraform.io/hashicorp/google\"]",
      "instances": [
        {
          "schema_version": 0,
          "attributes": {
            "algorithm": "RSA_SIGN_PSS_4096_SHA512",
            "crypto_key": "projects/vm-import-346415/locations/global/keyRings/keyring-example/cryptoKeys/asymmetric-key-example",
            "id": "//cloudkms.googleapis.com/v1/projects/vm-import-346415/locations/global/keyRings/keyring-example/cryptoKeys/asymmetric-key-example/cryptoKeyVersions/1",
            "name": "projects/vm-import-346415/locations/global/keyRings/keyring-example/cryptoKeys/asymmetric-key-example/cryptoKeyVersions/1",
            "protection_level": "SOFTWARE",
            "public_key": [
              {
                "algorithm": "RSA_SIGN_PSS_4096_SHA512",
                "pem": "-----BEGIN PUBLIC KEY-----\nMIICIjANBgkqhkiG9w0BAQEFAAOCAg8AMIICCgKCAgEAvEZJK0eHyIA/Up8fMRjH\nuzUU5wJWGhgYPsnrj8fsXjLScnpcdExvBboc9qZjkHe5WtWar1EFpm94l5sJ2/ZH\ngTUkzgA+76l6j84HywEk0yeK/zYHQCYY3vJwzjOxKv5T/zYI4S8DoMKteGjOBh2U\nshWR046TwQahy9YboZ6lMGSl4cHdq5blObMy8IiJmikC7/uoqfRylXy2wTSaXHfY\nqHzxtmZ/5KavIpGuuyP4vMj3yTtYE8cayck7paRGaoQzNnP6TBZBhaIUqymmCPyP\nUKLx4QHchP1RO2WeNShYyoG1d8I6DjPVvWV9W+sIsvi0dRQ08zPWeukkGKC7a4OD\nJh1S+VPR0GbSTTAMeyOEv7C/QNsQIBetreWLsDqr2R0TT2ZT7FX6t8NWfXN2Ox0b\nkwcmGnHQNmlGg7KOUbvQSxyIM3LcYIrlWVERYSTj/CriAILuRh0mIL4BzRF7/HRa\nzS+TGwXW5W5eSG0FXcDvmap6U3b20BbZLP7k5DG9xQaTUBGUhzYmTfE4EcO7848E\npBRNCOjyzSo2JjOt4Y++bM7mxCEDSz2fcnjLHRuAPcrt2WKLoFnu8VzdR4CpN+68\nusOSCj0Av4tPzHO7LtqfNM6eRwL5aMK8IHIGqmynIspf1R6Su4H9C5RMB4fCXtDK\nvkK86uGonQuXamxFr5Wv2skCAwEAAQ==\n-----END PUBLIC KEY-----\n"
              }
            ],
            "state": "ENABLED",
            "version": 1
          },
          "sensitive_attributes": []
        }
      ]
    },
    {
      "mode": "managed",
      "type": "google_binary_authorization_attestor",
      "name": "attestor",
      "provider": "provider[\"registry.terraform.io/hashicorp/google\"]",
      "instances": [
        {
          "schema_version": 0,
          "attributes": {
            "attestation_authority_note": [
              {
                "delegation_service_account_email": "service-23524732461@gcp-sa-binaryauthorization.iam.gserviceaccount.com",
                "note_reference": "projects/binauthz-attestor-test-project/notes/test-attestor-note",
                "public_keys": [
                  {
                    "ascii_armored_pgp_public_key": "",
                    "comment": "",
                    "id": "//cloudkms.googleapis.com/v1/projects/vm-import-346415/locations/global/keyRings/keyring-example/cryptoKeys/asymmetric-key-example/cryptoKeyVersions/1",
                    "pkix_public_key": [
                      {
                        "public_key_pem": "-----BEGIN PUBLIC KEY-----\nMIICIjANBgkqhkiG9w0BAQEFAAOCAg8AMIICCgKCAgEAvEZJK0eHyIA/Up8fMRjH\nuzUU5wJWGhgYPsnrj8fsXjLScnpcdExvBboc9qZjkHe5WtWar1EFpm94l5sJ2/ZH\ngTUkzgA+76l6j84HywEk0yeK/zYHQCYY3vJwzjOxKv5T/zYI4S8DoMKteGjOBh2U\nshWR046TwQahy9YboZ6lMGSl4cHdq5blObMy8IiJmikC7/uoqfRylXy2wTSaXHfY\nqHzxtmZ/5KavIpGuuyP4vMj3yTtYE8cayck7paRGaoQzNnP6TBZBhaIUqymmCPyP\nUKLx4QHchP1RO2WeNShYyoG1d8I6DjPVvWV9W+sIsvi0dRQ08zPWeukkGKC7a4OD\nJh1S+VPR0GbSTTAMeyOEv7C/QNsQIBetreWLsDqr2R0TT2ZT7FX6t8NWfXN2Ox0b\nkwcmGnHQNmlGg7KOUbvQSxyIM3LcYIrlWVERYSTj/CriAILuRh0mIL4BzRF7/HRa\nzS+TGwXW5W5eSG0FXcDvmap6U3b20BbZLP7k5DG9xQaTUBGUhzYmTfE4EcO7848E\npBRNCOjyzSo2JjOt4Y++bM7mxCEDSz2fcnjLHRuAPcrt2WKLoFnu8VzdR4CpN+68\nusOSCj0Av4tPzHO7LtqfNM6eRwL5aMK8IHIGqmynIspf1R6Su4H9C5RMB4fCXtDK\nvkK86uGonQuXamxFr5Wv2skCAwEAAQ==\n-----END PUBLIC KEY-----\n",
                        "signature_algorithm": "RSA_PSS_4096_SHA512"
                      }
                    ]
                  }
                ]
              }
            ],
            "description": "",
            "id": "projects/binauthz-attestor-test-project/attestors/demo-attestor",
            "name": "demo-attestor",
            "project": "binauthz-attestor-test-project",
            "timeouts": null
          },
          "sensitive_attributes": [],
          "private": "eyJlMmJmYjczMC1lY2FhLTExZTYtOGY4OC0zNDM2M2JjN2M0YzAiOnsiY3JlYXRlIjoxMjAwMDAwMDAwMDAwLCJkZWxldGUiOjEyMDAwMDAwMDAwMDAsInVwZGF0ZSI6MTIwMDAwMDAwMDAwMH19",
          "dependencies": [
            "data.google_kms_crypto_key_version.attestor-key-version",
            "google_container_analysis_note.note",
            "google_project.attestor"
          ]
        }
      ]
    },
    {
      "mode": "managed",
      "type": "google_container_analysis_note",
      "name": "note",
      "provider": "provider[\"registry.terraform.io/hashicorp/google\"]",
      "instances": [
        {
          "schema_version": 0,
          "attributes": {
            "attestation_authority": [
              {
                "hint": [
                  {
                    "human_readable_name": "Attestor Note"
                  }
                ]
              }
            ],
            "create_time": "2022-08-22T12:16:58.861005Z",
            "expiration_time": "",
            "id": "projects/binauthz-attestor-test-project/notes/test-attestor-note",
            "kind": "ATTESTATION",
            "long_description": "",
            "name": "test-attestor-note",
            "project": "binauthz-attestor-test-project",
            "related_note_names": [],
            "related_url": [],
            "short_description": "",
            "timeouts": null,
            "update_time": "2022-08-22T12:16:58.861005Z"
          },
          "sensitive_attributes": [],
          "private": "eyJlMmJmYjczMC1lY2FhLTExZTYtOGY4OC0zNDM2M2JjN2M0YzAiOnsiY3JlYXRlIjoxMjAwMDAwMDAwMDAwLCJkZWxldGUiOjEyMDAwMDAwMDAwMDAsInVwZGF0ZSI6MTIwMDAwMDAwMDAwMH19",
          "dependencies": [
            "google_project.attestor"
          ]
        }
      ]
    },
    {
      "mode": "managed",
      "type": "google_kms_crypto_key",
      "name": "example-key",
      "provider": "provider[\"registry.terraform.io/hashicorp/google\"]",
      "instances": [
        {
          "schema_version": 1,
          "attributes": {
            "destroy_scheduled_duration": "86400s",
            "id": "projects/vm-import-346415/locations/global/keyRings/keyring-example/cryptoKeys/asymmetric-key-example",
            "import_only": false,
            "key_ring": "projects/vm-import-346415/locations/global/keyRings/keyring-example",
            "labels": {},
            "name": "asymmetric-key-example",
            "purpose": "ASYMMETRIC_SIGN",
            "rotation_period": "",
            "skip_initial_version_creation": false,
            "timeouts": null,
            "version_template": [
              {
                "algorithm": "RSA_SIGN_PSS_4096_SHA512",
                "protection_level": "SOFTWARE"
              }
            ]
          },
          "sensitive_attributes": [],
          "private": "eyJlMmJmYjczMC1lY2FhLTExZTYtOGY4OC0zNDM2M2JjN2M0YzAiOnsiY3JlYXRlIjoxMjAwMDAwMDAwMDAwLCJkZWxldGUiOjEyMDAwMDAwMDAwMDAsInVwZGF0ZSI6MTIwMDAwMDAwMDAwMH0sInNjaGVtYV92ZXJzaW9uIjoiMSJ9",
          "dependencies": [
            "google_kms_key_ring.keyring"
          ]
        }
      ]
    },
    {
      "mode": "managed",
      "type": "google_kms_crypto_key_iam_member",
      "name": "binauthz_sigining_key",
      "provider": "provider[\"registry.terraform.io/hashicorp/google\"]",
      "instances": [
        {
          "index_key": "roles/cloudkms.publicKeyViewer",
          "schema_version": 0,
          "attributes": {
            "condition": [],
            "crypto_key_id": "projects/vm-import-346415/locations/global/keyRings/keyring-example/cryptoKeys/asymmetric-key-example",
            "etag": "BwXm0rj+xVg=",
            "id": "projects/vm-import-346415/locations/global/keyRings/keyring-example/cryptoKeys/asymmetric-key-example/roles/cloudkms.publicKeyViewer/serviceAccount:binauthz-sa@binauthz-attestor-test-project.iam.gserviceaccount.com",
            "member": "serviceAccount:binauthz-sa@binauthz-attestor-test-project.iam.gserviceaccount.com",
            "role": "roles/cloudkms.publicKeyViewer"
          },
          "sensitive_attributes": [],
          "private": "bnVsbA==",
          "dependencies": [
            "google_kms_crypto_key.example-key",
            "google_kms_key_ring.keyring",
            "google_project.attestor",
            "google_service_account.attestor_service_account"
          ]
        },
        {
          "index_key": "roles/cloudkms.signer",
          "schema_version": 0,
          "attributes": {
            "condition": [],
            "crypto_key_id": "projects/vm-import-346415/locations/global/keyRings/keyring-example/cryptoKeys/asymmetric-key-example",
            "etag": "BwXm0rj+xVg=",
            "id": "projects/vm-import-346415/locations/global/keyRings/keyring-example/cryptoKeys/asymmetric-key-example/roles/cloudkms.signer/serviceAccount:binauthz-sa@binauthz-attestor-test-project.iam.gserviceaccount.com",
            "member": "serviceAccount:binauthz-sa@binauthz-attestor-test-project.iam.gserviceaccount.com",
            "role": "roles/cloudkms.signer"
          },
          "sensitive_attributes": [],
          "private": "bnVsbA==",
          "dependencies": [
            "google_kms_crypto_key.example-key",
            "google_kms_key_ring.keyring",
            "google_project.attestor",
            "google_service_account.attestor_service_account"
          ]
        },
        {
          "index_key": "roles/cloudkms.signerVerifier",
          "schema_version": 0,
          "attributes": {
            "condition": [],
            "crypto_key_id": "projects/vm-import-346415/locations/global/keyRings/keyring-example/cryptoKeys/asymmetric-key-example",
            "etag": "BwXm0rj+xVg=",
            "id": "projects/vm-import-346415/locations/global/keyRings/keyring-example/cryptoKeys/asymmetric-key-example/roles/cloudkms.signerVerifier/serviceAccount:binauthz-sa@binauthz-attestor-test-project.iam.gserviceaccount.com",
            "member": "serviceAccount:binauthz-sa@binauthz-attestor-test-project.iam.gserviceaccount.com",
            "role": "roles/cloudkms.signerVerifier"
          },
          "sensitive_attributes": [],
          "private": "bnVsbA==",
          "dependencies": [
            "google_kms_crypto_key.example-key",
            "google_kms_key_ring.keyring",
            "google_project.attestor",
            "google_service_account.attestor_service_account"
          ]
        }
      ]
    },
    {
      "mode": "managed",
      "type": "google_kms_key_ring",
      "name": "keyring",
      "provider": "provider[\"registry.terraform.io/hashicorp/google\"]",
      "instances": [
        {
          "schema_version": 0,
          "attributes": {
            "id": "projects/vm-import-346415/locations/global/keyRings/keyring-example",
            "location": "global",
            "name": "keyring-example",
            "project": "vm-import-346415",
            "timeouts": null
          },
          "sensitive_attributes": [],
          "private": "eyJlMmJmYjczMC1lY2FhLTExZTYtOGY4OC0zNDM2M2JjN2M0YzAiOnsiY3JlYXRlIjoxMjAwMDAwMDAwMDAwLCJkZWxldGUiOjEyMDAwMDAwMDAwMDB9fQ=="
        }
      ]
    },
    {
      "mode": "managed",
      "type": "google_project",
      "name": "attestation",
      "provider": "provider[\"registry.terraform.io/hashicorp/google\"]",
      "instances": [
        {
          "schema_version": 1,
          "attributes": {
            "auto_create_network": true,
            "billing_account": "01A2F5-73127B-50AE5B",
            "folder_id": "",
            "id": "projects/binauthz-attestions-tst-prj",
            "labels": {},
            "name": "Attestation Project",
            "number": "692068757342",
            "org_id": "160037278965",
            "project_id": "binauthz-attestions-tst-prj",
            "skip_delete": null,
            "timeouts": null
          },
          "sensitive_attributes": [],
          "private": "eyJlMmJmYjczMC1lY2FhLTExZTYtOGY4OC0zNDM2M2JjN2M0YzAiOnsiY3JlYXRlIjo2MDAwMDAwMDAwMDAsImRlbGV0ZSI6NjAwMDAwMDAwMDAwLCJyZWFkIjo2MDAwMDAwMDAwMDAsInVwZGF0ZSI6NjAwMDAwMDAwMDAwfSwic2NoZW1hX3ZlcnNpb24iOiIxIn0="
        }
      ]
    },
    {
      "mode": "managed",
      "type": "google_project",
      "name": "attestor",
      "provider": "provider[\"registry.terraform.io/hashicorp/google\"]",
      "instances": [
        {
          "schema_version": 1,
          "attributes": {
            "auto_create_network": true,
            "billing_account": "01A2F5-73127B-50AE5B",
            "folder_id": "",
            "id": "projects/binauthz-attestor-test-project",
            "labels": {},
            "name": "Attestor Project",
            "number": "23524732461",
            "org_id": "160037278965",
            "project_id": "binauthz-attestor-test-project",
            "skip_delete": null,
            "timeouts": null
          },
          "sensitive_attributes": [],
          "private": "eyJlMmJmYjczMC1lY2FhLTExZTYtOGY4OC0zNDM2M2JjN2M0YzAiOnsiY3JlYXRlIjo2MDAwMDAwMDAwMDAsImRlbGV0ZSI6NjAwMDAwMDAwMDAwLCJyZWFkIjo2MDAwMDAwMDAwMDAsInVwZGF0ZSI6NjAwMDAwMDAwMDAwfSwic2NoZW1hX3ZlcnNpb24iOiIxIn0="
        }
      ]
    },
    {
      "mode": "managed",
      "type": "google_project_iam_member",
      "name": "sa_attestation",
      "provider": "provider[\"registry.terraform.io/hashicorp/google\"]",
      "instances": [
        {
          "index_key": "roles/binaryauthorization.attestorsViewer",
          "schema_version": 0,
          "attributes": {
            "condition": [],
            "etag": "BwXm1zfSPJo=",
            "id": "binauthz-attestions-tst-prj/roles/binaryauthorization.attestorsViewer/serviceAccount:binauthz-sa@binauthz-attestor-test-project.iam.gserviceaccount.com",
            "member": "serviceAccount:binauthz-sa@binauthz-attestor-test-project.iam.gserviceaccount.com",
            "project": "binauthz-attestions-tst-prj",
            "role": "roles/binaryauthorization.attestorsViewer"
          },
          "sensitive_attributes": [],
          "private": "bnVsbA==",
          "dependencies": [
            "google_project.attestation"
          ]
        },
        {
          "index_key": "roles/cloudkms.signerVerifier",
          "schema_version": 0,
          "attributes": {
            "condition": [],
            "etag": "BwXm1zfSPJo=",
            "id": "binauthz-attestions-tst-prj/roles/cloudkms.signerVerifier/serviceAccount:binauthz-sa@binauthz-attestor-test-project.iam.gserviceaccount.com",
            "member": "serviceAccount:binauthz-sa@binauthz-attestor-test-project.iam.gserviceaccount.com",
            "project": "binauthz-attestions-tst-prj",
            "role": "roles/cloudkms.signerVerifier"
          },
          "sensitive_attributes": [],
          "private": "bnVsbA==",
          "dependencies": [
            "google_project.attestation"
          ]
        },
        {
          "index_key": "roles/containeranalysis.notes.attacher",
          "schema_version": 0,
          "attributes": {
            "condition": [],
            "etag": "BwXm1zfSPJo=",
            "id": "binauthz-attestions-tst-prj/roles/containeranalysis.notes.attacher/serviceAccount:binauthz-sa@binauthz-attestor-test-project.iam.gserviceaccount.com",
            "member": "serviceAccount:binauthz-sa@binauthz-attestor-test-project.iam.gserviceaccount.com",
            "project": "binauthz-attestions-tst-prj",
            "role": "roles/containeranalysis.notes.attacher"
          },
          "sensitive_attributes": [],
          "private": "bnVsbA==",
          "dependencies": [
            "google_project.attestation"
          ]
        },
        {
          "index_key": "roles/containeranalysis.occurrences.editor",
          "schema_version": 0,
          "attributes": {
            "condition": [],
            "etag": "BwXm1zfSPJo=",
            "id": "binauthz-attestions-tst-prj/roles/containeranalysis.occurrences.editor/serviceAccount:binauthz-sa@binauthz-attestor-test-project.iam.gserviceaccount.com",
            "member": "serviceAccount:binauthz-sa@binauthz-attestor-test-project.iam.gserviceaccount.com",
            "project": "binauthz-attestions-tst-prj",
            "role": "roles/containeranalysis.occurrences.editor"
          },
          "sensitive_attributes": [],
          "private": "bnVsbA==",
          "dependencies": [
            "google_project.attestation"
          ]
        }
      ]
    },
    {
      "mode": "managed",
      "type": "google_project_iam_member",
      "name": "sa_attestor",
      "provider": "provider[\"registry.terraform.io/hashicorp/google\"]",
      "instances": [
        {
          "index_key": "roles/binaryauthorization.attestorsViewer",
          "schema_version": 0,
          "attributes": {
            "condition": [],
            "etag": "BwXm1zfai3I=",
            "id": "binauthz-attestor-test-project/roles/binaryauthorization.attestorsViewer/serviceAccount:binauthz-sa@binauthz-attestor-test-project.iam.gserviceaccount.com",
            "member": "serviceAccount:binauthz-sa@binauthz-attestor-test-project.iam.gserviceaccount.com",
            "project": "binauthz-attestor-test-project",
            "role": "roles/binaryauthorization.attestorsViewer"
          },
          "sensitive_attributes": [],
          "private": "bnVsbA==",
          "dependencies": [
            "google_project.attestor"
          ]
        },
        {
          "index_key": "roles/cloudkms.signerVerifier",
          "schema_version": 0,
          "attributes": {
            "condition": [],
            "etag": "BwXm1zhOBS4=",
            "id": "binauthz-attestor-test-project/roles/cloudkms.signerVerifier/serviceAccount:binauthz-sa@binauthz-attestor-test-project.iam.gserviceaccount.com",
            "member": "serviceAccount:binauthz-sa@binauthz-attestor-test-project.iam.gserviceaccount.com",
            "project": "binauthz-attestor-test-project",
            "role": "roles/cloudkms.signerVerifier"
          },
          "sensitive_attributes": [],
          "private": "bnVsbA==",
          "dependencies": [
            "google_project.attestor"
          ]
        },
        {
          "index_key": "roles/containeranalysis.notes.attacher",
          "schema_version": 0,
          "attributes": {
            "condition": [],
            "etag": "BwXm1zhOBS4=",
            "id": "binauthz-attestor-test-project/roles/containeranalysis.notes.attacher/serviceAccount:binauthz-sa@binauthz-attestor-test-project.iam.gserviceaccount.com",
            "member": "serviceAccount:binauthz-sa@binauthz-attestor-test-project.iam.gserviceaccount.com",
            "project": "binauthz-attestor-test-project",
            "role": "roles/containeranalysis.notes.attacher"
          },
          "sensitive_attributes": [],
          "private": "bnVsbA==",
          "dependencies": [
            "google_project.attestor"
          ]
        },
        {
          "index_key": "roles/containeranalysis.occurrences.editor",
          "schema_version": 0,
          "attributes": {
            "condition": [],
            "etag": "BwXm1zfai3I=",
            "id": "binauthz-attestor-test-project/roles/containeranalysis.occurrences.editor/serviceAccount:binauthz-sa@binauthz-attestor-test-project.iam.gserviceaccount.com",
            "member": "serviceAccount:binauthz-sa@binauthz-attestor-test-project.iam.gserviceaccount.com",
            "project": "binauthz-attestor-test-project",
            "role": "roles/containeranalysis.occurrences.editor"
          },
          "sensitive_attributes": [],
          "private": "bnVsbA==",
          "dependencies": [
            "google_project.attestor"
          ]
        }
      ]
    },
    {
      "mode": "managed",
      "type": "google_project_service",
      "name": "apis_attestation",
      "provider": "provider[\"registry.terraform.io/hashicorp/google\"]",
      "instances": [
        {
          "index_key": "binaryauthorization.googleapis.com",
          "schema_version": 0,
          "attributes": {
            "disable_dependent_services": null,
            "disable_on_destroy": true,
            "id": "binauthz-attestor-test-project/binaryauthorization.googleapis.com",
            "project": "binauthz-attestor-test-project",
            "service": "binaryauthorization.googleapis.com",
            "timeouts": null
          },
          "sensitive_attributes": [],
          "private": "eyJlMmJmYjczMC1lY2FhLTExZTYtOGY4OC0zNDM2M2JjN2M0YzAiOnsiY3JlYXRlIjoxMjAwMDAwMDAwMDAwLCJkZWxldGUiOjEyMDAwMDAwMDAwMDAsInJlYWQiOjYwMDAwMDAwMDAwMCwidXBkYXRlIjoxMjAwMDAwMDAwMDAwfX0=",
          "dependencies": [
            "google_project.attestor"
          ]
        },
        {
          "index_key": "cloudkms.googleapis.com",
          "schema_version": 0,
          "attributes": {
            "disable_dependent_services": null,
            "disable_on_destroy": true,
            "id": "binauthz-attestor-test-project/cloudkms.googleapis.com",
            "project": "binauthz-attestor-test-project",
            "service": "cloudkms.googleapis.com",
            "timeouts": null
          },
          "sensitive_attributes": [],
          "private": "eyJlMmJmYjczMC1lY2FhLTExZTYtOGY4OC0zNDM2M2JjN2M0YzAiOnsiY3JlYXRlIjoxMjAwMDAwMDAwMDAwLCJkZWxldGUiOjEyMDAwMDAwMDAwMDAsInJlYWQiOjYwMDAwMDAwMDAwMCwidXBkYXRlIjoxMjAwMDAwMDAwMDAwfX0=",
          "dependencies": [
            "google_project.attestor"
          ]
        },
        {
          "index_key": "containeranalysis.googleapis.com",
          "schema_version": 0,
          "attributes": {
            "disable_dependent_services": null,
            "disable_on_destroy": true,
            "id": "binauthz-attestor-test-project/containeranalysis.googleapis.com",
            "project": "binauthz-attestor-test-project",
            "service": "containeranalysis.googleapis.com",
            "timeouts": null
          },
          "sensitive_attributes": [],
          "private": "eyJlMmJmYjczMC1lY2FhLTExZTYtOGY4OC0zNDM2M2JjN2M0YzAiOnsiY3JlYXRlIjoxMjAwMDAwMDAwMDAwLCJkZWxldGUiOjEyMDAwMDAwMDAwMDAsInJlYWQiOjYwMDAwMDAwMDAwMCwidXBkYXRlIjoxMjAwMDAwMDAwMDAwfX0=",
          "dependencies": [
            "google_project.attestor"
          ]
        },
        {
          "index_key": "serviceusage.googleapis.com",
          "schema_version": 0,
          "attributes": {
            "disable_dependent_services": null,
            "disable_on_destroy": true,
            "id": "binauthz-attestor-test-project/serviceusage.googleapis.com",
            "project": "binauthz-attestor-test-project",
            "service": "serviceusage.googleapis.com",
            "timeouts": null
          },
          "sensitive_attributes": [],
          "private": "eyJlMmJmYjczMC1lY2FhLTExZTYtOGY4OC0zNDM2M2JjN2M0YzAiOnsiY3JlYXRlIjoxMjAwMDAwMDAwMDAwLCJkZWxldGUiOjEyMDAwMDAwMDAwMDAsInJlYWQiOjYwMDAwMDAwMDAwMCwidXBkYXRlIjoxMjAwMDAwMDAwMDAwfX0=",
          "dependencies": [
            "google_project.attestor"
          ]
        }
      ]
    },
    {
      "mode": "managed",
      "type": "google_project_service",
      "name": "apis_attestor",
      "provider": "provider[\"registry.terraform.io/hashicorp/google\"]",
      "instances": [
        {
          "index_key": "binaryauthorization.googleapis.com",
          "schema_version": 0,
          "attributes": {
            "disable_dependent_services": null,
            "disable_on_destroy": true,
            "id": "binauthz-attestor-test-project/binaryauthorization.googleapis.com",
            "project": "binauthz-attestor-test-project",
            "service": "binaryauthorization.googleapis.com",
            "timeouts": null
          },
          "sensitive_attributes": [],
          "private": "eyJlMmJmYjczMC1lY2FhLTExZTYtOGY4OC0zNDM2M2JjN2M0YzAiOnsiY3JlYXRlIjoxMjAwMDAwMDAwMDAwLCJkZWxldGUiOjEyMDAwMDAwMDAwMDAsInJlYWQiOjYwMDAwMDAwMDAwMCwidXBkYXRlIjoxMjAwMDAwMDAwMDAwfX0=",
          "dependencies": [
            "google_project.attestor"
          ]
        },
        {
          "index_key": "cloudkms.googleapis.com",
          "schema_version": 0,
          "attributes": {
            "disable_dependent_services": null,
            "disable_on_destroy": true,
            "id": "binauthz-attestor-test-project/cloudkms.googleapis.com",
            "project": "binauthz-attestor-test-project",
            "service": "cloudkms.googleapis.com",
            "timeouts": null
          },
          "sensitive_attributes": [],
          "private": "eyJlMmJmYjczMC1lY2FhLTExZTYtOGY4OC0zNDM2M2JjN2M0YzAiOnsiY3JlYXRlIjoxMjAwMDAwMDAwMDAwLCJkZWxldGUiOjEyMDAwMDAwMDAwMDAsInJlYWQiOjYwMDAwMDAwMDAwMCwidXBkYXRlIjoxMjAwMDAwMDAwMDAwfX0=",
          "dependencies": [
            "google_project.attestor"
          ]
        },
        {
          "index_key": "containeranalysis.googleapis.com",
          "schema_version": 0,
          "attributes": {
            "disable_dependent_services": null,
            "disable_on_destroy": true,
            "id": "binauthz-attestor-test-project/containeranalysis.googleapis.com",
            "project": "binauthz-attestor-test-project",
            "service": "containeranalysis.googleapis.com",
            "timeouts": null
          },
          "sensitive_attributes": [],
          "private": "eyJlMmJmYjczMC1lY2FhLTExZTYtOGY4OC0zNDM2M2JjN2M0YzAiOnsiY3JlYXRlIjoxMjAwMDAwMDAwMDAwLCJkZWxldGUiOjEyMDAwMDAwMDAwMDAsInJlYWQiOjYwMDAwMDAwMDAwMCwidXBkYXRlIjoxMjAwMDAwMDAwMDAwfX0=",
          "dependencies": [
            "google_project.attestor"
          ]
        }
      ]
    },
    {
      "mode": "managed",
      "type": "google_service_account",
      "name": "attestor_service_account",
      "provider": "provider[\"registry.terraform.io/hashicorp/google\"]",
      "instances": [
        {
          "schema_version": 0,
          "attributes": {
            "account_id": "binauthz-sa",
            "description": "",
            "disabled": false,
            "display_name": "Binauthz Service Account",
            "email": "binauthz-sa@binauthz-attestor-test-project.iam.gserviceaccount.com",
            "id": "projects/binauthz-attestor-test-project/serviceAccounts/binauthz-sa@binauthz-attestor-test-project.iam.gserviceaccount.com",
            "name": "projects/binauthz-attestor-test-project/serviceAccounts/binauthz-sa@binauthz-attestor-test-project.iam.gserviceaccount.com",
            "project": "binauthz-attestor-test-project",
            "timeouts": null,
            "unique_id": "109164118414887907337"
          },
          "sensitive_attributes": [],
          "private": "eyJlMmJmYjczMC1lY2FhLTExZTYtOGY4OC0zNDM2M2JjN2M0YzAiOnsiY3JlYXRlIjozMDAwMDAwMDAwMDB9fQ==",
          "dependencies": [
            "google_project.attestor"
          ]
        }
      ]
    }
  ]
}
