{
  "version": 4,
  "terraform_version": "1.1.4",
  "serial": 4,
  "lineage": "49403224-ed64-612d-3dab-dc6e43479e9e",
  "outputs": {},
  "resources": [
    {
      "mode": "data",
      "type": "google_kms_crypto_key_version",
      "name": "attestor-key-version",
      "provider": "provider[\"registry.terraform.io/hashicorp/google\"]",
      "instances": [
        {
          "schema_version": 0,
          "attributes": {
            "algorithm": "RSA_SIGN_PSS_4096_SHA512",
            "crypto_key": "projects/vm-import-346415/locations/global/keyRings/keyring-example/cryptoKeys/asymmetric-key-example",
            "id": "//cloudkms.googleapis.com/v1/projects/vm-import-346415/locations/global/keyRings/keyring-example/cryptoKeys/asymmetric-key-example/cryptoKeyVersions/1",
            "name": "projects/vm-import-346415/locations/global/keyRings/keyring-example/cryptoKeys/asymmetric-key-example/cryptoKeyVersions/1",
            "protection_level": "SOFTWARE",
            "public_key": [
              {
                "algorithm": "RSA_SIGN_PSS_4096_SHA512",
                "pem": "-----BEGIN PUBLIC KEY-----\nMIICIjANBgkqhkiG9w0BAQEFAAOCAg8AMIICCgKCAgEAvEZJK0eHyIA/Up8fMRjH\nuzUU5wJWGhgYPsnrj8fsXjLScnpcdExvBboc9qZjkHe5WtWar1EFpm94l5sJ2/ZH\ngTUkzgA+76l6j84HywEk0yeK/zYHQCYY3vJwzjOxKv5T/zYI4S8DoMKteGjOBh2U\nshWR046TwQahy9YboZ6lMGSl4cHdq5blObMy8IiJmikC7/uoqfRylXy2wTSaXHfY\nqHzxtmZ/5KavIpGuuyP4vMj3yTtYE8cayck7paRGaoQzNnP6TBZBhaIUqymmCPyP\nUKLx4QHchP1RO2WeNShYyoG1d8I6DjPVvWV9W+sIsvi0dRQ08zPWeukkGKC7a4OD\nJh1S+VPR0GbSTTAMeyOEv7C/QNsQIBetreWLsDqr2R0TT2ZT7FX6t8NWfXN2Ox0b\nkwcmGnHQNmlGg7KOUbvQSxyIM3LcYIrlWVERYSTj/CriAILuRh0mIL4BzRF7/HRa\nzS+TGwXW5W5eSG0FXcDvmap6U3b20BbZLP7k5DG9xQaTUBGUhzYmTfE4EcO7848E\npBRNCOjyzSo2JjOt4Y++bM7mxCEDSz2fcnjLHRuAPcrt2WKLoFnu8VzdR4CpN+68\nusOSCj0Av4tPzHO7LtqfNM6eRwL5aMK8IHIGqmynIspf1R6Su4H9C5RMB4fCXtDK\nvkK86uGonQuXamxFr5Wv2skCAwEAAQ==\n-----END PUBLIC KEY-----\n"
              }
            ],
            "state": "ENABLED",
            "version": 1
          },
          "sensitive_attributes": []
        }
      ]
    },
    {
      "mode": "managed",
      "type": "google_binary_authorization_attestor",
      "name": "attestor",
      "provider": "provider[\"registry.terraform.io/hashicorp/google\"]",
      "instances": [
        {
          "schema_version": 0,
          "attributes": {
            "attestation_authority_note": [
              {
                "delegation_service_account_email": "service-628766112523@gcp-sa-binaryauthorization.iam.gserviceaccount.com",
                "note_reference": "projects/vm-import-346415/notes/test-attestor-note",
                "public_keys": [
                  {
                    "ascii_armored_pgp_public_key": "",
                    "comment": "",
                    "id": "//cloudkms.googleapis.com/v1/projects/vm-import-346415/locations/global/keyRings/keyring-example/cryptoKeys/asymmetric-key-example/cryptoKeyVersions/1",
                    "pkix_public_key": [
                      {
                        "public_key_pem": "-----BEGIN PUBLIC KEY-----\nMIICIjANBgkqhkiG9w0BAQEFAAOCAg8AMIICCgKCAgEAvEZJK0eHyIA/Up8fMRjH\nuzUU5wJWGhgYPsnrj8fsXjLScnpcdExvBboc9qZjkHe5WtWar1EFpm94l5sJ2/ZH\ngTUkzgA+76l6j84HywEk0yeK/zYHQCYY3vJwzjOxKv5T/zYI4S8DoMKteGjOBh2U\nshWR046TwQahy9YboZ6lMGSl4cHdq5blObMy8IiJmikC7/uoqfRylXy2wTSaXHfY\nqHzxtmZ/5KavIpGuuyP4vMj3yTtYE8cayck7paRGaoQzNnP6TBZBhaIUqymmCPyP\nUKLx4QHchP1RO2WeNShYyoG1d8I6DjPVvWV9W+sIsvi0dRQ08zPWeukkGKC7a4OD\nJh1S+VPR0GbSTTAMeyOEv7C/QNsQIBetreWLsDqr2R0TT2ZT7FX6t8NWfXN2Ox0b\nkwcmGnHQNmlGg7KOUbvQSxyIM3LcYIrlWVERYSTj/CriAILuRh0mIL4BzRF7/HRa\nzS+TGwXW5W5eSG0FXcDvmap6U3b20BbZLP7k5DG9xQaTUBGUhzYmTfE4EcO7848E\npBRNCOjyzSo2JjOt4Y++bM7mxCEDSz2fcnjLHRuAPcrt2WKLoFnu8VzdR4CpN+68\nusOSCj0Av4tPzHO7LtqfNM6eRwL5aMK8IHIGqmynIspf1R6Su4H9C5RMB4fCXtDK\nvkK86uGonQuXamxFr5Wv2skCAwEAAQ==\n-----END PUBLIC KEY-----\n",
                        "signature_algorithm": "RSA_PSS_4096_SHA512"
                      }
                    ]
                  }
                ]
              }
            ],
            "description": "",
            "id": "projects/vm-import-346415/attestors/demo-attestor",
            "name": "demo-attestor",
            "project": "vm-import-346415",
            "timeouts": null
          },
          "sensitive_attributes": [],
          "private": "eyJlMmJmYjczMC1lY2FhLTExZTYtOGY4OC0zNDM2M2JjN2M0YzAiOnsiY3JlYXRlIjoxMjAwMDAwMDAwMDAwLCJkZWxldGUiOjEyMDAwMDAwMDAwMDAsInVwZGF0ZSI6MTIwMDAwMDAwMDAwMH19",
          "dependencies": [
            "data.google_kms_crypto_key_version.attestor-key-version",
            "google_container_analysis_note.note"
          ]
        }
      ]
    },
    {
      "mode": "managed",
      "type": "google_container_analysis_note",
      "name": "note",
      "provider": "provider[\"registry.terraform.io/hashicorp/google\"]",
      "instances": [
        {
          "schema_version": 0,
          "attributes": {
            "attestation_authority": [
              {
                "hint": [
                  {
                    "human_readable_name": "Attestor Note"
                  }
                ]
              }
            ],
            "create_time": "2022-08-21T11:51:45.833349Z",
            "expiration_time": "",
            "id": "projects/vm-import-346415/notes/test-attestor-note",
            "kind": "ATTESTATION",
            "long_description": "",
            "name": "test-attestor-note",
            "project": "vm-import-346415",
            "related_note_names": null,
            "related_url": [],
            "short_description": "",
            "timeouts": null,
            "update_time": "2022-08-21T11:51:45.833349Z"
          },
          "sensitive_attributes": [],
          "private": "eyJlMmJmYjczMC1lY2FhLTExZTYtOGY4OC0zNDM2M2JjN2M0YzAiOnsiY3JlYXRlIjoxMjAwMDAwMDAwMDAwLCJkZWxldGUiOjEyMDAwMDAwMDAwMDAsInVwZGF0ZSI6MTIwMDAwMDAwMDAwMH19"
        }
      ]
    }
  ]
}
