{
  "version": 4,
  "terraform_version": "1.1.7",
  "serial": 6,
  "lineage": "884ae255-52b2-38fb-5532-051998bc0597",
  "outputs": {},
  "resources": [
    {
      "mode": "data",
      "type": "google_kms_crypto_key_version",
      "name": "my_crypto_key_version",
      "provider": "provider[\"registry.terraform.io/hashicorp/google\"]",
      "instances": [
        {
          "schema_version": 0,
          "attributes": {
            "algorithm": "RSA_SIGN_PSS_4096_SHA512",
            "crypto_key": "projects/vm-import-346415/locations/global/keyRings/keyring-example/cryptoKeys/asymmetric-key-example",
            "id": "//cloudkms.googleapis.com/v1/projects/vm-import-346415/locations/global/keyRings/keyring-example/cryptoKeys/asymmetric-key-example/cryptoKeyVersions/1",
            "name": "projects/vm-import-346415/locations/global/keyRings/keyring-example/cryptoKeys/asymmetric-key-example/cryptoKeyVersions/1",
            "protection_level": "SOFTWARE",
            "public_key": [
              {
                "algorithm": "RSA_SIGN_PSS_4096_SHA512",
                "pem": "-----BEGIN PUBLIC KEY-----\nMIICIjANBgkqhkiG9w0BAQEFAAOCAg8AMIICCgKCAgEAvEZJK0eHyIA/Up8fMRjH\nuzUU5wJWGhgYPsnrj8fsXjLScnpcdExvBboc9qZjkHe5WtWar1EFpm94l5sJ2/ZH\ngTUkzgA+76l6j84HywEk0yeK/zYHQCYY3vJwzjOxKv5T/zYI4S8DoMKteGjOBh2U\nshWR046TwQahy9YboZ6lMGSl4cHdq5blObMy8IiJmikC7/uoqfRylXy2wTSaXHfY\nqHzxtmZ/5KavIpGuuyP4vMj3yTtYE8cayck7paRGaoQzNnP6TBZBhaIUqymmCPyP\nUKLx4QHchP1RO2WeNShYyoG1d8I6DjPVvWV9W+sIsvi0dRQ08zPWeukkGKC7a4OD\nJh1S+VPR0GbSTTAMeyOEv7C/QNsQIBetreWLsDqr2R0TT2ZT7FX6t8NWfXN2Ox0b\nkwcmGnHQNmlGg7KOUbvQSxyIM3LcYIrlWVERYSTj/CriAILuRh0mIL4BzRF7/HRa\nzS+TGwXW5W5eSG0FXcDvmap6U3b20BbZLP7k5DG9xQaTUBGUhzYmTfE4EcO7848E\npBRNCOjyzSo2JjOt4Y++bM7mxCEDSz2fcnjLHRuAPcrt2WKLoFnu8VzdR4CpN+68\nusOSCj0Av4tPzHO7LtqfNM6eRwL5aMK8IHIGqmynIspf1R6Su4H9C5RMB4fCXtDK\nvkK86uGonQuXamxFr5Wv2skCAwEAAQ==\n-----END PUBLIC KEY-----\n"
              }
            ],
            "state": "ENABLED",
            "version": 1
          },
          "sensitive_attributes": []
        }
      ]
    },
    {
      "mode": "managed",
      "type": "google_kms_crypto_key",
      "name": "example-key",
      "provider": "provider[\"registry.terraform.io/hashicorp/google\"]",
      "instances": [
        {
          "schema_version": 1,
          "attributes": {
            "destroy_scheduled_duration": "86400s",
            "id": "projects/vm-import-346415/locations/global/keyRings/keyring-example/cryptoKeys/asymmetric-key-example",
            "import_only": false,
            "key_ring": "projects/vm-import-346415/locations/global/keyRings/keyring-example",
            "labels": {},
            "name": "asymmetric-key-example",
            "purpose": "ASYMMETRIC_SIGN",
            "rotation_period": "",
            "skip_initial_version_creation": false,
            "timeouts": null,
            "version_template": [
              {
                "algorithm": "RSA_SIGN_PSS_4096_SHA512",
                "protection_level": "SOFTWARE"
              }
            ]
          },
          "sensitive_attributes": [],
          "private": "eyJlMmJmYjczMC1lY2FhLTExZTYtOGY4OC0zNDM2M2JjN2M0YzAiOnsiY3JlYXRlIjoxMjAwMDAwMDAwMDAwLCJkZWxldGUiOjEyMDAwMDAwMDAwMDAsInVwZGF0ZSI6MTIwMDAwMDAwMDAwMH0sInNjaGVtYV92ZXJzaW9uIjoiMSJ9",
          "dependencies": [
            "google_kms_key_ring.keyring"
          ]
        }
      ]
    },
    {
      "mode": "managed",
      "type": "google_kms_key_ring",
      "name": "keyring",
      "provider": "provider[\"registry.terraform.io/hashicorp/google\"]",
      "instances": [
        {
          "schema_version": 0,
          "attributes": {
            "id": "projects/vm-import-346415/locations/global/keyRings/keyring-example",
            "location": "global",
            "name": "keyring-example",
            "project": "vm-import-346415",
            "timeouts": null
          },
          "sensitive_attributes": [],
          "private": "eyJlMmJmYjczMC1lY2FhLTExZTYtOGY4OC0zNDM2M2JjN2M0YzAiOnsiY3JlYXRlIjoxMjAwMDAwMDAwMDAwLCJkZWxldGUiOjEyMDAwMDAwMDAwMDB9fQ=="
        }
      ]
    }
  ]
}
